
Microsoft Visual Studio Solution File, Format Version 12.00
# Visual Studio Version 17
VisualStudioVersion = 17.0.32112.339
MinimumVisualStudioVersion = 10.0.40219.1
Project("{FAE04EC0-301F-11D3-BF4B-00C04F79EFBC}") = "Snake", "Snake\Snake.csproj", "{8007710C-DBC1-4E16-B2C7-9FB3764242EB}"
EndProject
Global
	GlobalSection(SolutionConfigurationPlatforms) = preSolution
		Debug|Any CPU = Debug|Any CPU
		Release|Any CPU = Release|Any CPU
	EndGlobalSection
	GlobalSection(ProjectConfigurationPlatforms) = postSolution
		{8007710C-DBC1-4E16-B2C7-9FB3764242EB}.Debug|Any CPU.ActiveCfg = Debug|Any CPU
		{8007710C-DBC1-4E16-B2C7-9FB3764242EB}.Debug|Any CPU.Build.0 = Debug|Any CPU
		{8007710C-DBC1-4E16-B2C7-9FB3764242EB}.Release|Any CPU.ActiveCfg = Release|Any CPU
		{8007710C-DBC1-4E16-B2C7-9FB3764242EB}.Release|Any CPU.Build.0 = Release|Any CPU
	EndGlobalSection
	GlobalSection(SolutionProperties) = preSolution
		HideSolutionNode = FALSE
	EndGlobalSection
	GlobalSection(ExtensibilityGlobals) = postSolution
		SolutionGuid = {C96947AE-A189-42B4-BE07-BEE2EF2D6B8A}
	EndGlobalSection
EndGlobal
